
Microsoft Visual Studio Solution File, Format Version 12.00
# Visual Studio Version 17
VisualStudioVersion = 17.14.37614.0
MinimumVisualStudioVersion = 10.0.40219.1
Project("{2150E333-8FDC-42A3-9474-1A3956D46DE8}") = "Task0", "Task0", "{02EA681E-C7D8-13C7-8484-4AC65E1B71E8}"
EndProject
Project("{FAE04EC0-301F-11D3-BF4B-00C04F79EFBC}") = "Tyuiu.BrylinaVV.Sprint1.Task0.V9", "Tyuiu.BrylinaVV.Sprint1.Task0.V9\Tyuiu.BrylinaVV.Sprint1.Task0.V9.csproj", "{20E393E6-38A0-4FDE-8BC1-630501324144}"
EndProject
Project("{FAE04EC0-301F-11D3-BF4B-00C04F79EFBC}") = "Tyuiu.BrylinaVV.Sprint1.Task0.V9.Lib", "Tyuiu.BrylinaVV.Sprint1.Task0.V9.Lib\Tyuiu.BrylinaVV.Sprint1.Task0.V9.Lib.csproj", "{4D9CB651-F9DD-4987-A274-B70D8F3DCDAA}"
EndProject
Project("{FAE04EC0-301F-11D3-BF4B-00C04F79EFBC}") = "Tyuiu.BrylinaVV.Sprint1.Task0.V9.Test", "Tyuiu.BrylinaVV.Sprint1.Task0.V9.Test\Tyuiu.BrylinaVV.Sprint1.Task0.V9.Test.csproj", "{F2DFF791-BDAD-4FC6-941B-C003DB91A652}"
EndProject
Project("{2150E333-8FDC-42A3-9474-1A3956D46DE8}") = "Task1", "Task1", "{CB0F574F-7F7B-4E64-B226-E3BD83052A77}"
EndProject
Project("{FAE04EC0-301F-11D3-BF4B-00C04F79EFBC}") = "Tyuiu.BrylinaVV.Sprint1.Task1.V13", "Tyuiu.BrylinaVV.Sprint1.Task1.V13\Tyuiu.BrylinaVV.Sprint1.Task1.V13.csproj", "{A9A524CC-7920-4F37-9EF2-86036302C16E}"
EndProject
Project("{FAE04EC0-301F-11D3-BF4B-00C04F79EFBC}") = "Tyuiu.BrylinaVV.Sprint1.Task1.V13.Lib", "Tyuiu.BrylinaVV.Sprint1.Task1.V13.Lib\Tyuiu.BrylinaVV.Sprint1.Task1.V13.Lib.csproj", "{AF4E1014-D7B2-4CED-817B-3C3E34B69939}"
EndProject
Project("{FAE04EC0-301F-11D3-BF4B-00C04F79EFBC}") = "Tyuiu.BrylinaVV.Sprint1.Task1.V13.Test", "Tyuiu.BrylinaVV.Sprint1.Task1.V13.Test\Tyuiu.BrylinaVV.Sprint1.Task1.V13.Test.csproj", "{D9E48ED1-3F97-48E6-8E55-6AA9B1E41572}"
EndProject
Project("{2150E333-8FDC-42A3-9474-1A3956D46DE8}") = "Task2", "Task2", "{E0E1B19C-88A9-41D2-804D-0F287E244BFC}"
EndProject
Project("{FAE04EC0-301F-11D3-BF4B-00C04F79EFBC}") = "Tyuiu.BrylinaVV.Sprint1.Task2.V5", "Tyuiu.BrylinaVV.Sprint1.Task2.V5\Tyuiu.BrylinaVV.Sprint1.Task2.V5.csproj", "{224ABBF8-D970-471A-B964-487E798A38C1}"
EndProject
Project("{FAE04EC0-301F-11D3-BF4B-00C04F79EFBC}") = "Tyuiu.BrylinaVV.Sprint1.Task2.V5.Lib", "Tyuiu.BrylinaVV.Sprint1.Task2.V5.Lib\Tyuiu.BrylinaVV.Sprint1.Task2.V5.Lib.csproj", "{156A3267-7A25-463B-B69A-B5841F2E6B36}"
EndProject
Project("{FAE04EC0-301F-11D3-BF4B-00C04F79EFBC}") = "Tyuiu.BrylinaVV.Sprint1.Task2.V5.Test", "Tyuiu.BrylinaVV.Sprint1.Task2.V5.Test\Tyuiu.BrylinaVV.Sprint1.Task2.V5.Test.csproj", "{A20DF4B0-33C1-4AE7-9E58-652DEB9FF88A}"
EndProject
Project("{2150E333-8FDC-42A3-9474-1A3956D46DE8}") = "Task3", "Task3", "{D865A907-B27D-4662-95CA-9E477C727F14}"
EndProject
Project("{FAE04EC0-301F-11D3-BF4B-00C04F79EFBC}") = "Tyuiu.BrylinaVV.Sprint1.Task3.V12", "Tyuiu.BrylinaVV.Sprint1.Task3.V12\Tyuiu.BrylinaVV.Sprint1.Task3.V12.csproj", "{B14DA048-EAEA-48FF-87DB-20BE81A063AF}"
EndProject
Project("{FAE04EC0-301F-11D3-BF4B-00C04F79EFBC}") = "Tyuiu.BrylinaVV.Sprint1.Task3.V12.Lib", "Tyuiu.BrylinaVV.Sprint1.Task3.V12.Lib\Tyuiu.BrylinaVV.Sprint1.Task3.V12.Lib.csproj", "{9A30E022-25C0-4B00-AB1D-DD75061BB06E}"
EndProject
Project("{FAE04EC0-301F-11D3-BF4B-00C04F79EFBC}") = "Tyuiu.BrylinaVV.Sprint1.Task3.V12.Test", "Tyuiu.BrylinaVV.Sprint1.Task3.V12.Test\Tyuiu.BrylinaVV.Sprint1.Task3.V12.Test.csproj", "{D7B2F372-E1ED-4798-911F-6BE67A42E694}"
EndProject
Project("{2150E333-8FDC-42A3-9474-1A3956D46DE8}") = "Task4", "Task4", "{DAB356E1-9AC0-4A48-ACCD-D07F06632D6D}"
EndProject
Project("{FAE04EC0-301F-11D3-BF4B-00C04F79EFBC}") = "Tyuiu.BrylinaVV.Sprint1.Task4.V13", "Tyuiu.BrylinaVV.Sprint1.Task4.V13\Tyuiu.BrylinaVV.Sprint1.Task4.V13.csproj", "{0DFFE691-A255-4617-A41B-5553057CF8D1}"
EndProject
Project("{FAE04EC0-301F-11D3-BF4B-00C04F79EFBC}") = "Tyuiu.BrylinaVV.Sprint1.Task4.V13.Lib", "Tyuiu.BrylinaVV.Sprint1.Task4.V13.Lib\Tyuiu.BrylinaVV.Sprint1.Task4.V13.Lib.csproj", "{1E2C27E9-A85F-42C5-A059-06D865C48337}"
EndProject
Project("{FAE04EC0-301F-11D3-BF4B-00C04F79EFBC}") = "Tyuiu.BrylinaVV.Sprint1.Task4.V13.Test", "Tyuiu.BrylinaVV.Sprint1.Task4.V13.Test\Tyuiu.BrylinaVV.Sprint1.Task4.V13.Test.csproj", "{CDE217CE-F1BD-4CB4-B323-45F850110F6A}"
EndProject
Project("{2150E333-8FDC-42A3-9474-1A3956D46DE8}") = "Task5", "Task5", "{F749958B-FA28-4012-895A-B986BEB1A982}"
EndProject
Project("{FAE04EC0-301F-11D3-BF4B-00C04F79EFBC}") = "Tyuiu.BrylinaVV.Sprint1.Task5.V7", "Tyuiu.BrylinaVV.Sprint1.Task5.V7\Tyuiu.BrylinaVV.Sprint1.Task5.V7.csproj", "{78B1EC63-3581-48CA-A4F6-2D0222A8B82A}"
EndProject
Project("{FAE04EC0-301F-11D3-BF4B-00C04F79EFBC}") = "Tyuiu.BrylinaVV.Sprint1.Task5.V7.Lib", "Tyuiu.BrylinaVV.Sprint1.Task5.V7.Lib\Tyuiu.BrylinaVV.Sprint1.Task5.V7.Lib.csproj", "{E212563A-3D71-4904-82B5-4E04CF22D7D2}"
EndProject
Project("{FAE04EC0-301F-11D3-BF4B-00C04F79EFBC}") = "Tyuiu.BrylinaVV.Sprint1.Task5.V7.Test", "Tyuiu.BrylinaVV.Sprint1.Task5.V7.Test\Tyuiu.BrylinaVV.Sprint1.Task5.V7.Test.csproj", "{5E5F4DD6-5E82-466A-81D4-796D91202C00}"
EndProject
Project("{2150E333-8FDC-42A3-9474-1A3956D46DE8}") = "Task6", "Task6", "{7BA8D73E-9723-4658-86E8-3234C0973285}"
EndProject
Project("{FAE04EC0-301F-11D3-BF4B-00C04F79EFBC}") = "Tyuiu.BrylinaVV.Sprint1.Task6.V18", "Tyuiu.BrylinaVV.Sprint1.Task6.V18\Tyuiu.BrylinaVV.Sprint1.Task6.V18.csproj", "{9ECD9B82-3A09-4D85-B8CB-F85A044AA9CD}"
EndProject
Project("{FAE04EC0-301F-11D3-BF4B-00C04F79EFBC}") = "Tyuiu.BrylinaVV.Sprint1.Task6.V18.Lib", "Tyuiu.BrylinaVV.Sprint1.Task6.V18.Lib\Tyuiu.BrylinaVV.Sprint1.Task6.V18.Lib.csproj", "{1ED49C36-9E62-4CEC-9085-FD7FF4B34A1A}"
EndProject
Project("{FAE04EC0-301F-11D3-BF4B-00C04F79EFBC}") = "Tyuiu.BrylinaVV.Sprint1.Task6.V18.Test", "Tyuiu.BrylinaVV.Sprint1.Task6.V18.Test\Tyuiu.BrylinaVV.Sprint1.Task6.V18.Test.csproj", "{703A790A-9ECC-40BD-AC2F-40CBA57DCE47}"
EndProject
Project("{2150E333-8FDC-42A3-9474-1A3956D46DE8}") = "Task7", "Task7", "{A5099F30-0608-4ECF-A718-83EC1653C215}"
EndProject
Project("{FAE04EC0-301F-11D3-BF4B-00C04F79EFBC}") = "Tyuiu.BrylinaVV.Sprint1.Task7.V9", "Tyuiu.BrylinaVV.Sprint1.Task7.V9\Tyuiu.BrylinaVV.Sprint1.Task7.V9.csproj", "{FD05D1FD-E8B1-43F2-A7B5-B1FF34B1E5A4}"
EndProject
Project("{FAE04EC0-301F-11D3-BF4B-00C04F79EFBC}") = "Tyuiu.BrylinaVV.Sprint1.Task7.V9.Lib", "Tyuiu.BrylinaVV.Sprint1.Task7.V9.Lib\Tyuiu.BrylinaVV.Sprint1.Task7.V9.Lib.csproj", "{6A3AF0F9-D82D-43E3-A630-F7CB5BC362BA}"
EndProject
Project("{FAE04EC0-301F-11D3-BF4B-00C04F79EFBC}") = "Tyuiu.BrylinaVV.Sprint1.Task7.V9.Test", "Tyuiu.BrylinaVV.Sprint1.Task7.V9.Test\Tyuiu.BrylinaVV.Sprint1.Task7.V9.Test.csproj", "{681228DA-5CA8-457B-A412-E72D98F30FEC}"
EndProject
Global
	GlobalSection(SolutionConfigurationPlatforms) = preSolution
		Debug|Any CPU = Debug|Any CPU
		Release|Any CPU = Release|Any CPU
	EndGlobalSection
	GlobalSection(ProjectConfigurationPlatforms) = postSolution
		{20E393E6-38A0-4FDE-8BC1-630501324144}.Debug|Any CPU.ActiveCfg = Debug|Any CPU
		{20E393E6-38A0-4FDE-8BC1-630501324144}.Debug|Any CPU.Build.0 = Debug|Any CPU
		{20E393E6-38A0-4FDE-8BC1-630501324144}.Release|Any CPU.ActiveCfg = Release|Any CPU
		{20E393E6-38A0-4FDE-8BC1-630501324144}.Release|Any CPU.Build.0 = Release|Any CPU
		{4D9CB651-F9DD-4987-A274-B70D8F3DCDAA}.Debug|Any CPU.ActiveCfg = Debug|Any CPU
		{4D9CB651-F9DD-4987-A274-B70D8F3DCDAA}.Debug|Any CPU.Build.0 = Debug|Any CPU
		{4D9CB651-F9DD-4987-A274-B70D8F3DCDAA}.Release|Any CPU.ActiveCfg = Release|Any CPU
		{4D9CB651-F9DD-4987-A274-B70D8F3DCDAA}.Release|Any CPU.Build.0 = Release|Any CPU
		{F2DFF791-BDAD-4FC6-941B-C003DB91A652}.Debug|Any CPU.ActiveCfg = Debug|Any CPU
		{F2DFF791-BDAD-4FC6-941B-C003DB91A652}.Debug|Any CPU.Build.0 = Debug|Any CPU
		{F2DFF791-BDAD-4FC6-941B-C003DB91A652}.Release|Any CPU.ActiveCfg = Release|Any CPU
		{F2DFF791-BDAD-4FC6-941B-C003DB91A652}.Release|Any CPU.Build.0 = Release|Any CPU
		{A9A524CC-7920-4F37-9EF2-86036302C16E}.Debug|Any CPU.ActiveCfg = Debug|Any CPU
		{A9A524CC-7920-4F37-9EF2-86036302C16E}.Debug|Any CPU.Build.0 = Debug|Any CPU
		{A9A524CC-7920-4F37-9EF2-86036302C16E}.Release|Any CPU.ActiveCfg = Release|Any CPU
		{A9A524CC-7920-4F37-9EF2-86036302C16E}.Release|Any CPU.Build.0 = Release|Any CPU
		{AF4E1014-D7B2-4CED-817B-3C3E34B69939}.Debug|Any CPU.ActiveCfg = Debug|Any CPU
		{AF4E1014-D7B2-4CED-817B-3C3E34B69939}.Debug|Any CPU.Build.0 = Debug|Any CPU
		{AF4E1014-D7B2-4CED-817B-3C3E34B69939}.Release|Any CPU.ActiveCfg = Release|Any CPU
		{AF4E1014-D7B2-4CED-817B-3C3E34B69939}.Release|Any CPU.Build.0 = Release|Any CPU
		{D9E48ED1-3F97-48E6-8E55-6AA9B1E41572}.Debug|Any CPU.ActiveCfg = Debug|Any CPU
		{D9E48ED1-3F97-48E6-8E55-6AA9B1E41572}.Debug|Any CPU.Build.0 = Debug|Any CPU
		{D9E48ED1-3F97-48E6-8E55-6AA9B1E41572}.Release|Any CPU.ActiveCfg = Release|Any CPU
		{D9E48ED1-3F97-48E6-8E55-6AA9B1E41572}.Release|Any CPU.Build.0 = Release|Any CPU
		{224ABBF8-D970-471A-B964-487E798A38C1}.Debug|Any CPU.ActiveCfg = Debug|Any CPU
		{224ABBF8-D970-471A-B964-487E798A38C1}.Debug|Any CPU.Build.0 = Debug|Any CPU
		{224ABBF8-D970-471A-B964-487E798A38C1}.Release|Any CPU.ActiveCfg = Release|Any CPU
		{224ABBF8-D970-471A-B964-487E798A38C1}.Release|Any CPU.Build.0 = Release|Any CPU
		{156A3267-7A25-463B-B69A-B5841F2E6B36}.Debug|Any CPU.ActiveCfg = Debug|Any CPU
		{156A3267-7A25-463B-B69A-B5841F2E6B36}.Debug|Any CPU.Build.0 = Debug|Any CPU
		{156A3267-7A25-463B-B69A-B5841F2E6B36}.Release|Any CPU.ActiveCfg = Release|Any CPU
		{156A3267-7A25-463B-B69A-B5841F2E6B36}.Release|Any CPU.Build.0 = Release|Any CPU
		{A20DF4B0-33C1-4AE7-9E58-652DEB9FF88A}.Debug|Any CPU.ActiveCfg = Debug|Any CPU
		{A20DF4B0-33C1-4AE7-9E58-652DEB9FF88A}.Debug|Any CPU.Build.0 = Debug|Any CPU
		{A20DF4B0-33C1-4AE7-9E58-652DEB9FF88A}.Release|Any CPU.ActiveCfg = Release|Any CPU
		{A20DF4B0-33C1-4AE7-9E58-652DEB9FF88A}.Release|Any CPU.Build.0 = Release|Any CPU
		{B14DA048-EAEA-48FF-87DB-20BE81A063AF}.Debug|Any CPU.ActiveCfg = Debug|Any CPU
		{B14DA048-EAEA-48FF-87DB-20BE81A063AF}.Debug|Any CPU.Build.0 = Debug|Any CPU
		{B14DA048-EAEA-48FF-87DB-20BE81A063AF}.Release|Any CPU.ActiveCfg = Release|Any CPU
		{B14DA048-EAEA-48FF-87DB-20BE81A063AF}.Release|Any CPU.Build.0 = Release|Any CPU
		{9A30E022-25C0-4B00-AB1D-DD75061BB06E}.Debug|Any CPU.ActiveCfg = Debug|Any CPU
		{9A30E022-25C0-4B00-AB1D-DD75061BB06E}.Debug|Any CPU.Build.0 = Debug|Any CPU
		{9A30E022-25C0-4B00-AB1D-DD75061BB06E}.Release|Any CPU.ActiveCfg = Release|Any CPU
		{9A30E022-25C0-4B00-AB1D-DD75061BB06E}.Release|Any CPU.Build.0 = Release|Any CPU
		{D7B2F372-E1ED-4798-911F-6BE67A42E694}.Debug|Any CPU.ActiveCfg = Debug|Any CPU
		{D7B2F372-E1ED-4798-911F-6BE67A42E694}.Debug|Any CPU.Build.0 = Debug|Any CPU
		{D7B2F372-E1ED-4798-911F-6BE67A42E694}.Release|Any CPU.ActiveCfg = Release|Any CPU
		{D7B2F372-E1ED-4798-911F-6BE67A42E694}.Release|Any CPU.Build.0 = Release|Any CPU
		{0DFFE691-A255-4617-A41B-5553057CF8D1}.Debug|Any CPU.ActiveCfg = Debug|Any CPU
		{0DFFE691-A255-4617-A41B-5553057CF8D1}.Debug|Any CPU.Build.0 = Debug|Any CPU
		{0DFFE691-A255-4617-A41B-5553057CF8D1}.Release|Any CPU.ActiveCfg = Release|Any CPU
		{0DFFE691-A255-4617-A41B-5553057CF8D1}.Release|Any CPU.Build.0 = Release|Any CPU
		{1E2C27E9-A85F-42C5-A059-06D865C48337}.Debug|Any CPU.ActiveCfg = Debug|Any CPU
		{1E2C27E9-A85F-42C5-A059-06D865C48337}.Debug|Any CPU.Build.0 = Debug|Any CPU
		{1E2C27E9-A85F-42C5-A059-06D865C48337}.Release|Any CPU.ActiveCfg = Release|Any CPU
		{1E2C27E9-A85F-42C5-A059-06D865C48337}.Release|Any CPU.Build.0 = Release|Any CPU
		{CDE217CE-F1BD-4CB4-B323-45F850110F6A}.Debug|Any CPU.ActiveCfg = Debug|Any CPU
		{CDE217CE-F1BD-4CB4-B323-45F850110F6A}.Debug|Any CPU.Build.0 = Debug|Any CPU
		{CDE217CE-F1BD-4CB4-B323-45F850110F6A}.Release|Any CPU.ActiveCfg = Release|Any CPU
		{CDE217CE-F1BD-4CB4-B323-45F850110F6A}.Release|Any CPU.Build.0 = Release|Any CPU
		{78B1EC63-3581-48CA-A4F6-2D0222A8B82A}.Debug|Any CPU.ActiveCfg = Debug|Any CPU
		{78B1EC63-3581-48CA-A4F6-2D0222A8B82A}.Debug|Any CPU.Build.0 = Debug|Any CPU
		{78B1EC63-3581-48CA-A4F6-2D0222A8B82A}.Release|Any CPU.ActiveCfg = Release|Any CPU
		{78B1EC63-3581-48CA-A4F6-2D0222A8B82A}.Release|Any CPU.Build.0 = Release|Any CPU
		{E212563A-3D71-4904-82B5-4E04CF22D7D2}.Debug|Any CPU.ActiveCfg = Debug|Any CPU
		{E212563A-3D71-4904-82B5-4E04CF22D7D2}.Debug|Any CPU.Build.0 = Debug|Any CPU
		{E212563A-3D71-4904-82B5-4E04CF22D7D2}.Release|Any CPU.ActiveCfg = Release|Any CPU
		{E212563A-3D71-4904-82B5-4E04CF22D7D2}.Release|Any CPU.Build.0 = Release|Any CPU
		{5E5F4DD6-5E82-466A-81D4-796D91202C00}.Debug|Any CPU.ActiveCfg = Debug|Any CPU
		{5E5F4DD6-5E82-466A-81D4-796D91202C00}.Debug|Any CPU.Build.0 = Debug|Any CPU
		{5E5F4DD6-5E82-466A-81D4-796D91202C00}.Release|Any CPU.ActiveCfg = Release|Any CPU
		{5E5F4DD6-5E82-466A-81D4-796D91202C00}.Release|Any CPU.Build.0 = Release|Any CPU
		{9ECD9B82-3A09-4D85-B8CB-F85A044AA9CD}.Debug|Any CPU.ActiveCfg = Debug|Any CPU
		{9ECD9B82-3A09-4D85-B8CB-F85A044AA9CD}.Debug|Any CPU.Build.0 = Debug|Any CPU
		{9ECD9B82-3A09-4D85-B8CB-F85A044AA9CD}.Release|Any CPU.ActiveCfg = Release|Any CPU
		{9ECD9B82-3A09-4D85-B8CB-F85A044AA9CD}.Release|Any CPU.Build.0 = Release|Any CPU
		{1ED49C36-9E62-4CEC-9085-FD7FF4B34A1A}.Debug|Any CPU.ActiveCfg = Debug|Any CPU
		{1ED49C36-9E62-4CEC-9085-FD7FF4B34A1A}.Debug|Any CPU.Build.0 = Debug|Any CPU
		{1ED49C36-9E62-4CEC-9085-FD7FF4B34A1A}.Release|Any CPU.ActiveCfg = Release|Any CPU
		{1ED49C36-9E62-4CEC-9085-FD7FF4B34A1A}.Release|Any CPU.Build.0 = Release|Any CPU
		{703A790A-9ECC-40BD-AC2F-40CBA57DCE47}.Debug|Any CPU.ActiveCfg = Debug|Any CPU
		{703A790A-9ECC-40BD-AC2F-40CBA57DCE47}.Debug|Any CPU.Build.0 = Debug|Any CPU
		{703A790A-9ECC-40BD-AC2F-40CBA57DCE47}.Release|Any CPU.ActiveCfg = Release|Any CPU
		{703A790A-9ECC-40BD-AC2F-40CBA57DCE47}.Release|Any CPU.Build.0 = Release|Any CPU
		{FD05D1FD-E8B1-43F2-A7B5-B1FF34B1E5A4}.Debug|Any CPU.ActiveCfg = Debug|Any CPU
		{FD05D1FD-E8B1-43F2-A7B5-B1FF34B1E5A4}.Debug|Any CPU.Build.0 = Debug|Any CPU
		{FD05D1FD-E8B1-43F2-A7B5-B1FF34B1E5A4}.Release|Any CPU.ActiveCfg = Release|Any CPU
		{FD05D1FD-E8B1-43F2-A7B5-B1FF34B1E5A4}.Release|Any CPU.Build.0 = Release|Any CPU
		{6A3AF0F9-D82D-43E3-A630-F7CB5BC362BA}.Debug|Any CPU.ActiveCfg = Debug|Any CPU
		{6A3AF0F9-D82D-43E3-A630-F7CB5BC362BA}.Debug|Any CPU.Build.0 = Debug|Any CPU
		{6A3AF0F9-D82D-43E3-A630-F7CB5BC362BA}.Release|Any CPU.ActiveCfg = Release|Any CPU
		{6A3AF0F9-D82D-43E3-A630-F7CB5BC362BA}.Release|Any CPU.Build.0 = Release|Any CPU
		{681228DA-5CA8-457B-A412-E72D98F30FEC}.Debug|Any CPU.ActiveCfg = Debug|Any CPU
		{681228DA-5CA8-457B-A412-E72D98F30FEC}.Debug|Any CPU.Build.0 = Debug|Any CPU
		{681228DA-5CA8-457B-A412-E72D98F30FEC}.Release|Any CPU.ActiveCfg = Release|Any CPU
		{681228DA-5CA8-457B-A412-E72D98F30FEC}.Release|Any CPU.Build.0 = Release|Any CPU
	EndGlobalSection
	GlobalSection(SolutionProperties) = preSolution
		HideSolutionNode = FALSE
	EndGlobalSection
	GlobalSection(NestedProjects) = preSolution
		{20E393E6-38A0-4FDE-8BC1-630501324144} = {02EA681E-C7D8-13C7-8484-4AC65E1B71E8}
		{4D9CB651-F9DD-4987-A274-B70D8F3DCDAA} = {02EA681E-C7D8-13C7-8484-4AC65E1B71E8}
		{F2DFF791-BDAD-4FC6-941B-C003DB91A652} = {02EA681E-C7D8-13C7-8484-4AC65E1B71E8}
		{A9A524CC-7920-4F37-9EF2-86036302C16E} = {CB0F574F-7F7B-4E64-B226-E3BD83052A77}
		{AF4E1014-D7B2-4CED-817B-3C3E34B69939} = {CB0F574F-7F7B-4E64-B226-E3BD83052A77}
		{D9E48ED1-3F97-48E6-8E55-6AA9B1E41572} = {CB0F574F-7F7B-4E64-B226-E3BD83052A77}
		{224ABBF8-D970-471A-B964-487E798A38C1} = {E0E1B19C-88A9-41D2-804D-0F287E244BFC}
		{156A3267-7A25-463B-B69A-B5841F2E6B36} = {E0E1B19C-88A9-41D2-804D-0F287E244BFC}
		{A20DF4B0-33C1-4AE7-9E58-652DEB9FF88A} = {E0E1B19C-88A9-41D2-804D-0F287E244BFC}
		{B14DA048-EAEA-48FF-87DB-20BE81A063AF} = {D865A907-B27D-4662-95CA-9E477C727F14}
		{9A30E022-25C0-4B00-AB1D-DD75061BB06E} = {D865A907-B27D-4662-95CA-9E477C727F14}
		{D7B2F372-E1ED-4798-911F-6BE67A42E694} = {D865A907-B27D-4662-95CA-9E477C727F14}
		{0DFFE691-A255-4617-A41B-5553057CF8D1} = {DAB356E1-9AC0-4A48-ACCD-D07F06632D6D}
		{1E2C27E9-A85F-42C5-A059-06D865C48337} = {DAB356E1-9AC0-4A48-ACCD-D07F06632D6D}
		{CDE217CE-F1BD-4CB4-B323-45F850110F6A} = {DAB356E1-9AC0-4A48-ACCD-D07F06632D6D}
		{78B1EC63-3581-48CA-A4F6-2D0222A8B82A} = {F749958B-FA28-4012-895A-B986BEB1A982}
		{E212563A-3D71-4904-82B5-4E04CF22D7D2} = {F749958B-FA28-4012-895A-B986BEB1A982}
		{5E5F4DD6-5E82-466A-81D4-796D91202C00} = {F749958B-FA28-4012-895A-B986BEB1A982}
		{9ECD9B82-3A09-4D85-B8CB-F85A044AA9CD} = {7BA8D73E-9723-4658-86E8-3234C0973285}
		{1ED49C36-9E62-4CEC-9085-FD7FF4B34A1A} = {7BA8D73E-9723-4658-86E8-3234C0973285}
		{703A790A-9ECC-40BD-AC2F-40CBA57DCE47} = {7BA8D73E-9723-4658-86E8-3234C0973285}
		{FD05D1FD-E8B1-43F2-A7B5-B1FF34B1E5A4} = {A5099F30-0608-4ECF-A718-83EC1653C215}
		{6A3AF0F9-D82D-43E3-A630-F7CB5BC362BA} = {A5099F30-0608-4ECF-A718-83EC1653C215}
		{681228DA-5CA8-457B-A412-E72D98F30FEC} = {A5099F30-0608-4ECF-A718-83EC1653C215}
	EndGlobalSection
	GlobalSection(ExtensibilityGlobals) = postSolution
		SolutionGuid = {42AF3E46-9882-4084-9DFA-8AA4C994AA32}
	EndGlobalSection
EndGlobal
